// !$*UTF8*$!
{
	archiveVersion = 1;
	classes = {
	};
	objectVersion = 50;
	objects = {

/* Begin PBXBuildFile section */
		016363FF21800BBE004B76E0 /* AppDelegate.m in Sources */ = {isa = PBXBuildFile; fileRef = 016363FE21800BBE004B76E0 /* AppDelegate.m */; };
		0163640221800BBE004B76E0 /* ViewController.m in Sources */ = {isa = PBXBuildFile; fileRef = 0163640121800BBE004B76E0 /* ViewController.m */; };
		0163640521800BBE004B76E0 /* Main.storyboard in Resources */ = {isa = PBXBuildFile; fileRef = 0163640321800BBE004B76E0 /* Main.storyboard */; };
		0163640721800BBF004B76E0 /* Assets.xcassets in Resources */ = {isa = PBXBuildFile; fileRef = 0163640621800BBF004B76E0 /* Assets.xcassets */; };
		0163640A21800BBF004B76E0 /* LaunchScreen.storyboard in Resources */ = {isa = PBXBuildFile; fileRef = 0163640821800BBF004B76E0 /* LaunchScreen.storyboard */; };
		0163640D21800BBF004B76E0 /* main.m in Sources */ = {isa = PBXBuildFile; fileRef = 0163640C21800BBF004B76E0 /* main.m */; };
		0163641721800BC0004B76E0 /* UMPodDemoTests.m in Sources */ = {isa = PBXBuildFile; fileRef = 0163641621800BC0004B76E0 /* UMPodDemoTests.m */; };
		0163642221800BC0004B76E0 /* UMPodDemoUITests.m in Sources */ = {isa = PBXBuildFile; fileRef = 0163642121800BC0004B76E0 /* UMPodDemoUITests.m */; };
		E050FA5CD18434A4835CC8C1 /* libPods-UMPodDemo.a in Frameworks */ = {isa = PBXBuildFile; fileRef = 1B2C337E24815EA58CA13364 /* libPods-UMPodDemo.a */; };
/* End PBXBuildFile section */

/* Begin PBXContainerItemProxy section */
		0163641321800BC0004B76E0 /* PBXContainerItemProxy */ = {
			isa = PBXContainerItemProxy;
			containerPortal = 016363F221800BBE004B76E0 /* Project object */;
			proxyType = 1;
			remoteGlobalIDString = 016363F921800BBE004B76E0;
			remoteInfo = UMPodDemo;
		};
		0163641E21800BC0004B76E0 /* PBXContainerItemProxy */ = {
			isa = PBXContainerItemProxy;
			containerPortal = 016363F221800BBE004B76E0 /* Project object */;
			proxyType = 1;
			remoteGlobalIDString = 016363F921800BBE004B76E0;
			remoteInfo = UMPodDemo;
		};
/* End PBXContainerItemProxy section */

/* Begin PBXFileReference section */
		016363FA21800BBE004B76E0 /* UMPodDemo.app */ = {isa = PBXFileReference; explicitFileType = wrapper.application; includeInIndex = 0; path = UMPodDemo.app; sourceTree = BUILT_PRODUCTS_DIR; };
		016363FD21800BBE004B76E0 /* AppDelegate.h */ = {isa = PBXFileReference; lastKnownFileType = sourcecode.c.h; path = AppDelegate.h; sourceTree = "<group>"; };
		016363FE21800BBE004B76E0 /* AppDelegate.m */ = {isa = PBXFileReference; lastKnownFileType = sourcecode.c.objc; path = AppDelegate.m; sourceTree = "<group>"; };
		0163640021800BBE004B76E0 /* ViewController.h */ = {isa = PBXFileReference; lastKnownFileType = sourcecode.c.h; path = ViewController.h; sourceTree = "<group>"; };
		0163640121800BBE004B76E0 /* ViewController.m */ = {isa = PBXFileReference; lastKnownFileType = sourcecode.c.objc; path = ViewController.m; sourceTree = "<group>"; };
		0163640421800BBE004B76E0 /* Base */ = {isa = PBXFileReference; lastKnownFileType = file.storyboard; name = Base; path = Base.lproj/Main.storyboard; sourceTree = "<group>"; };
		0163640621800BBF004B76E0 /* Assets.xcassets */ = {isa = PBXFileReference; lastKnownFileType = folder.assetcatalog; path = Assets.xcassets; sourceTree = "<group>"; };
		0163640921800BBF004B76E0 /* Base */ = {isa = PBXFileReference; lastKnownFileType = file.storyboard; name = Base; path = Base.lproj/LaunchScreen.storyboard; sourceTree = "<group>"; };
		0163640B21800BBF004B76E0 /* Info.plist */ = {isa = PBXFileReference; lastKnownFileType = text.plist.xml; path = Info.plist; sourceTree = "<group>"; };
		0163640C21800BBF004B76E0 /* main.m */ = {isa = PBXFileReference; lastKnownFileType = sourcecode.c.objc; path = main.m; sourceTree = "<group>"; };
		0163641221800BC0004B76E0 /* UMPodDemoTests.xctest */ = {isa = PBXFileReference; explicitFileType = wrapper.cfbundle; includeInIndex = 0; path = UMPodDemoTests.xctest; sourceTree = BUILT_PRODUCTS_DIR; };
		0163641621800BC0004B76E0 /* UMPodDemoTests.m */ = {isa = PBXFileReference; lastKnownFileType = sourcecode.c.objc; path = UMPodDemoTests.m; sourceTree = "<group>"; };
		0163641821800BC0004B76E0 /* Info.plist */ = {isa = PBXFileReference; lastKnownFileType = text.plist.xml; path = Info.plist; sourceTree = "<group>"; };
		0163641D21800BC0004B76E0 /* UMPodDemoUITests.xctest */ = {isa = PBXFileReference; explicitFileType = wrapper.cfbundle; includeInIndex = 0; path = UMPodDemoUITests.xctest; sourceTree = BUILT_PRODUCTS_DIR; };
		0163642121800BC0004B76E0 /* UMPodDemoUITests.m */ = {isa = PBXFileReference; lastKnownFileType = sourcecode.c.objc; path = UMPodDemoUITests.m; sourceTree = "<group>"; };
		0163642321800BC0004B76E0 /* Info.plist */ = {isa = PBXFileReference; lastKnownFileType = text.plist.xml; path = Info.plist; sourceTree = "<group>"; };
		1B2C337E24815EA58CA13364 /* libPods-UMPodDemo.a */ = {isa = PBXFileReference; explicitFileType = archive.ar; includeInIndex = 0; path = "libPods-UMPodDemo.a"; sourceTree = BUILT_PRODUCTS_DIR; };
		2607E23F514402968AF32BF6 /* Pods-UMPodDemo.release.xcconfig */ = {isa = PBXFileReference; includeInIndex = 1; lastKnownFileType = text.xcconfig; name = "Pods-UMPodDemo.release.xcconfig"; path = "Pods/Target Support Files/Pods-UMPodDemo/Pods-UMPodDemo.release.xcconfig"; sourceTree = "<group>"; };
		B37DE9D0018B36AE6E4DB6DD /* Pods-UMPodDemo.debug.xcconfig */ = {isa = PBXFileReference; includeInIndex = 1; lastKnownFileType = text.xcconfig; name = "Pods-UMPodDemo.debug.xcconfig"; path = "Pods/Target Support Files/Pods-UMPodDemo/Pods-UMPodDemo.debug.xcconfig"; sourceTree = "<group>"; };
/* End PBXFileReference section */

/* Begin PBXFrameworksBuildPhase section */
		016363F721800BBE004B76E0 /* Frameworks */ = {
			isa = PBXFrameworksBuildPhase;
			buildActionMask = 2147483647;
			files = (
				E050FA5CD18434A4835CC8C1 /* libPods-UMPodDemo.a in Frameworks */,
			);
			runOnlyForDeploymentPostprocessing = 0;
		};
		0163640F21800BC0004B76E0 /* Frameworks */ = {
			isa = PBXFrameworksBuildPhase;
			buildActionMask = 2147483647;
			files = (
			);
			runOnlyForDeploymentPostprocessing = 0;
		};
		0163641A21800BC0004B76E0 /* Frameworks */ = {
			isa = PBXFrameworksBuildPhase;
			buildActionMask = 2147483647;
			files = (
			);
			runOnlyForDeploymentPostprocessing = 0;
		};
/* End PBXFrameworksBuildPhase section */

/* Begin PBXGroup section */
		016363F121800BBE004B76E0 = {
			isa = PBXGroup;
			children = (
				016363FC21800BBE004B76E0 /* UMPodDemo */,
				0163641521800BC0004B76E0 /* UMPodDemoTests */,
				0163642021800BC0004B76E0 /* UMPodDemoUITests */,
				016363FB21800BBE004B76E0 /* Products */,
				E9A46AF11895B3CE27160AB5 /* Pods */,
				4E08E656CC53E618E4A0663F /* Frameworks */,
			);
			sourceTree = "<group>";
		};
		016363FB21800BBE004B76E0 /* Products */ = {
			isa = PBXGroup;
			children = (
				016363FA21800BBE004B76E0 /* UMPodDemo.app */,
				0163641221800BC0004B76E0 /* UMPodDemoTests.xctest */,
				0163641D21800BC0004B76E0 /* UMPodDemoUITests.xctest */,
			);
			name = Products;
			sourceTree = "<group>";
		};
		016363FC21800BBE004B76E0 /* UMPodDemo */ = {
			isa = PBXGroup;
			children = (
				016363FD21800BBE004B76E0 /* AppDelegate.h */,
				016363FE21800BBE004B76E0 /* AppDelegate.m */,
				0163640021800BBE004B76E0 /* ViewController.h */,
				0163640121800BBE004B76E0 /* ViewController.m */,
				0163640321800BBE004B76E0 /* Main.storyboard */,
				0163640621800BBF004B76E0 /* Assets.xcassets */,
				0163640821800BBF004B76E0 /* LaunchScreen.storyboard */,
				0163640B21800BBF004B76E0 /* Info.plist */,
				0163640C21800BBF004B76E0 /* main.m */,
			);
			path = UMPodDemo;
			sourceTree = "<group>";
		};
		0163641521800BC0004B76E0 /* UMPodDemoTests */ = {
			isa = PBXGroup;
			children = (
				0163641621800BC0004B76E0 /* UMPodDemoTests.m */,
				0163641821800BC0004B76E0 /* Info.plist */,
			);
			path = UMPodDemoTests;
			sourceTree = "<group>";
		};
		0163642021800BC0004B76E0 /* UMPodDemoUITests */ = {
			isa = PBXGroup;
			children = (
				0163642121800BC0004B76E0 /* UMPodDemoUITests.m */,
				0163642321800BC0004B76E0 /* Info.plist */,
			);
			path = UMPodDemoUITests;
			sourceTree = "<group>";
		};
		4E08E656CC53E618E4A0663F /* Frameworks */ = {
			isa = PBXGroup;
			children = (
				1B2C337E24815EA58CA13364 /* libPods-UMPodDemo.a */,
			);
			name = Frameworks;
			sourceTree = "<group>";
		};
		E9A46AF11895B3CE27160AB5 /* Pods */ = {
			isa = PBXGroup;
			children = (
				B37DE9D0018B36AE6E4DB6DD /* Pods-UMPodDemo.debug.xcconfig */,
				2607E23F514402968AF32BF6 /* Pods-UMPodDemo.release.xcconfig */,
			);
			name = Pods;
			sourceTree = "<group>";
		};
/* End PBXGroup section */

/* Begin PBXNativeTarget section */
		016363F921800BBE004B76E0 /* UMPodDemo */ = {
			isa = PBXNativeTarget;
			buildConfigurationList = 0163642621800BC0004B76E0 /* Build configuration list for PBXNativeTarget "UMPodDemo" */;
			buildPhases = (
				10E6C5DAB8214BD94D18C26C /* [CP] Check Pods Manifest.lock */,
				016363F621800BBE004B76E0 /* Sources */,
				016363F721800BBE004B76E0 /* Frameworks */,
				016363F821800BBE004B76E0 /* Resources */,
				0108722F14D5BB7B446EE81C /* [CP] Copy Pods Resources */,
			);
			buildRules = (
			);
			dependencies = (
			);
			name = UMPodDemo;
			productName = UMPodDemo;
			productReference = 016363FA21800BBE004B76E0 /* UMPodDemo.app */;
			productType = "com.apple.product-type.application";
		};
		0163641121800BC0004B76E0 /* UMPodDemoTests */ = {
			isa = PBXNativeTarget;
			buildConfigurationList = 0163642921800BC0004B76E0 /* Build configuration list for PBXNativeTarget "UMPodDemoTests" */;
			buildPhases = (
				0163640E21800BC0004B76E0 /* Sources */,
				0163640F21800BC0004B76E0 /* Frameworks */,
				0163641021800BC0004B76E0 /* Resources */,
			);
			buildRules = (
			);
			dependencies = (
				0163641421800BC0004B76E0 /* PBXTargetDependency */,
			);
			name = UMPodDemoTests;
			productName = UMPodDemoTests;
			productReference = 0163641221800BC0004B76E0 /* UMPodDemoTests.xctest */;
			productType = "com.apple.product-type.bundle.unit-test";
		};
		0163641C21800BC0004B76E0 /* UMPodDemoUITests */ = {
			isa = PBXNativeTarget;
			buildConfigurationList = 0163642C21800BC0004B76E0 /* Build configuration list for PBXNativeTarget "UMPodDemoUITests" */;
			buildPhases = (
				0163641921800BC0004B76E0 /* Sources */,
				0163641A21800BC0004B76E0 /* Frameworks */,
				0163641B21800BC0004B76E0 /* Resources */,
			);
			buildRules = (
			);
			dependencies = (
				0163641F21800BC0004B76E0 /* PBXTargetDependency */,
			);
			name = UMPodDemoUITests;
			productName = UMPodDemoUITests;
			productReference = 0163641D21800BC0004B76E0 /* UMPodDemoUITests.xctest */;
			productType = "com.apple.product-type.bundle.ui-testing";
		};
/* End PBXNativeTarget section */

/* Begin PBXProject section */
		016363F221800BBE004B76E0 /* Project object */ = {
			isa = PBXProject;
			attributes = {
				LastUpgradeCheck = 0940;
				ORGANIZATIONNAME = "mkrq-yh";
				TargetAttributes = {
					016363F921800BBE004B76E0 = {
						CreatedOnToolsVersion = 9.4.1;
					};
					0163641121800BC0004B76E0 = {
						CreatedOnToolsVersion = 9.4.1;
						TestTargetID = 016363F921800BBE004B76E0;
					};
					0163641C21800BC0004B76E0 = {
						CreatedOnToolsVersion = 9.4.1;
						TestTargetID = 016363F921800BBE004B76E0;
					};
				};
			};
			buildConfigurationList = 016363F521800BBE004B76E0 /* Build configuration list for PBXProject "UMPodDemo" */;
			compatibilityVersion = "Xcode 9.3";
			developmentRegion = en;
			hasScannedForEncodings = 0;
			knownRegions = (
				en,
				Base,
			);
			mainGroup = 016363F121800BBE004B76E0;
			productRefGroup = 016363FB21800BBE004B76E0 /* Products */;
			projectDirPath = "";
			projectRoot = "";
			targets = (
				016363F921800BBE004B76E0 /* UMPodDemo */,
				0163641121800BC0004B76E0 /* UMPodDemoTests */,
				0163641C21800BC0004B76E0 /* UMPodDemoUITests */,
			);
		};
/* End PBXProject section */

/* Begin PBXResourcesBuildPhase section */
		016363F821800BBE004B76E0 /* Resources */ = {
			isa = PBXResourcesBuildPhase;
			buildActionMask = 2147483647;
			files = (
				0163640A21800BBF004B76E0 /* LaunchScreen.storyboard in Resources */,
				0163640721800BBF004B76E0 /* Assets.xcassets in Resources */,
				0163640521800BBE004B76E0 /* Main.storyboard in Resources */,
			);
			runOnlyForDeploymentPostprocessing = 0;
		};
		0163641021800BC0004B76E0 /* Resources */ = {
			isa = PBXResourcesBuildPhase;
			buildActionMask = 2147483647;
			files = (
			);
			runOnlyForDeploymentPostprocessing = 0;
		};
		0163641B21800BC0004B76E0 /* Resources */ = {
			isa = PBXResourcesBuildPhase;
			buildActionMask = 2147483647;
			files = (
			);
			runOnlyForDeploymentPostprocessing = 0;
		};
/* End PBXResourcesBuildPhase section */

/* Begin PBXShellScriptBuildPhase section */
		0108722F14D5BB7B446EE81C /* [CP] Copy Pods Resources */ = {
			isa = PBXShellScriptBuildPhase;
			buildActionMask = 2147483647;
			files = (
			);
			inputPaths = (
				"${SRCROOT}/Pods/Target Support Files/Pods-UMPodDemo/Pods-UMPodDemo-resources.sh",
				"${PODS_ROOT}/UMCCommonLog/UMCommonLog/UMCommonLog.bundle",
				"${PODS_ROOT}/UMCShare/UMShare/UMSocialUI/UMSocialSDKResources.bundle",
			);
			name = "[CP] Copy Pods Resources";
			outputPaths = (
				"${TARGET_BUILD_DIR}/${UNLOCALIZED_RESOURCES_FOLDER_PATH}/UMCommonLog.bundle",
				"${TARGET_BUILD_DIR}/${UNLOCALIZED_RESOURCES_FOLDER_PATH}/UMSocialSDKResources.bundle",
			);
			runOnlyForDeploymentPostprocessing = 0;
			shellPath = /bin/sh;
			shellScript = "\"${SRCROOT}/Pods/Target Support Files/Pods-UMPodDemo/Pods-UMPodDemo-resources.sh\"\n";
			showEnvVarsInLog = 0;
		};
		10E6C5DAB8214BD94D18C26C /* [CP] Check Pods Manifest.lock */ = {
			isa = PBXShellScriptBuildPhase;
			buildActionMask = 2147483647;
			files = (
			);
			inputPaths = (
				"${PODS_PODFILE_DIR_PATH}/Podfile.lock",
				"${PODS_ROOT}/Manifest.lock",
			);
			name = "[CP] Check Pods Manifest.lock";
			outputPaths = (
				"$(DERIVED_FILE_DIR)/Pods-UMPodDemo-checkManifestLockResult.txt",
			);
			runOnlyForDeploymentPostprocessing = 0;
			shellPath = /bin/sh;
			shellScript = "diff \"${PODS_PODFILE_DIR_PATH}/Podfile.lock\" \"${PODS_ROOT}/Manifest.lock\" > /dev/null\nif [ $? != 0 ] ; then\n    # print error to STDERR\n    echo \"error: The sandbox is not in sync with the Podfile.lock. Run 'pod install' or update your CocoaPods installation.\" >&2\n    exit 1\nfi\n# This output is used by Xcode 'outputs' to avoid re-running this script phase.\necho \"SUCCESS\" > \"${SCRIPT_OUTPUT_FILE_0}\"\n";
			showEnvVarsInLog = 0;
		};
/* End PBXShellScriptBuildPhase section */

/* Begin PBXSourcesBuildPhase section */
		016363F621800BBE004B76E0 /* Sources */ = {
			isa = PBXSourcesBuildPhase;
			buildActionMask = 2147483647;
			files = (
				0163640221800BBE004B76E0 /* ViewController.m in Sources */,
				0163640D21800BBF004B76E0 /* main.m in Sources */,
				016363FF21800BBE004B76E0 /* AppDelegate.m in Sources */,
			);
			runOnlyForDeploymentPostprocessing = 0;
		};
		0163640E21800BC0004B76E0 /* Sources */ = {
			isa = PBXSourcesBuildPhase;
			buildActionMask = 2147483647;
			files = (
				0163641721800BC0004B76E0 /* UMPodDemoTests.m in Sources */,
			);
			runOnlyForDeploymentPostprocessing = 0;
		};
		0163641921800BC0004B76E0 /* Sources */ = {
			isa = PBXSourcesBuildPhase;
			buildActionMask = 2147483647;
			files = (
				0163642221800BC0004B76E0 /* UMPodDemoUITests.m in Sources */,
			);
			runOnlyForDeploymentPostprocessing = 0;
		};
/* End PBXSourcesBuildPhase section */

/* Begin PBXTargetDependency section */
		0163641421800BC0004B76E0 /* PBXTargetDependency */ = {
			isa = PBXTargetDependency;
			target = 016363F921800BBE004B76E0 /* UMPodDemo */;
			targetProxy = 0163641321800BC0004B76E0 /* PBXContainerItemProxy */;
		};
		0163641F21800BC0004B76E0 /* PBXTargetDependency */ = {
			isa = PBXTargetDependency;
			target = 016363F921800BBE004B76E0 /* UMPodDemo */;
			targetProxy = 0163641E21800BC0004B76E0 /* PBXContainerItemProxy */;
		};
/* End PBXTargetDependency section */

/* Begin PBXVariantGroup section */
		0163640321800BBE004B76E0 /* Main.storyboard */ = {
			isa = PBXVariantGroup;
			children = (
				0163640421800BBE004B76E0 /* Base */,
			);
			name = Main.storyboard;
			sourceTree = "<group>";
		};
		0163640821800BBF004B76E0 /* LaunchScreen.storyboard */ = {
			isa = PBXVariantGroup;
			children = (
				0163640921800BBF004B76E0 /* Base */,
			);
			name = LaunchScreen.storyboard;
			sourceTree = "<group>";
		};
/* End PBXVariantGroup section */

/* Begin XCBuildConfiguration section */
		0163642421800BC0004B76E0 /* Debug */ = {
			isa = XCBuildConfiguration;
			buildSettings = {
				ALWAYS_SEARCH_USER_PATHS = NO;
				CLANG_ANALYZER_NONNULL = YES;
				CLANG_ANALYZER_NUMBER_OBJECT_CONVERSION = YES_AGGRESSIVE;
				CLANG_CXX_LANGUAGE_STANDARD = "gnu++14";
				CLANG_CXX_LIBRARY = "libc++";
				CLANG_ENABLE_MODULES = YES;
				CLANG_ENABLE_OBJC_ARC = YES;
				CLANG_ENABLE_OBJC_WEAK = YES;
				CLANG_WARN_BLOCK_CAPTURE_AUTORELEASING = YES;
				CLANG_WARN_BOOL_CONVERSION = YES;
				CLANG_WARN_COMMA = YES;
				CLANG_WARN_CONSTANT_CONVERSION = YES;
				CLANG_WARN_DEPRECATED_OBJC_IMPLEMENTATIONS = YES;
				CLANG_WARN_DIRECT_OBJC_ISA_USAGE = YES_ERROR;
				CLANG_WARN_DOCUMENTATION_COMMENTS = YES;
				CLANG_WARN_EMPTY_BODY = YES;
				CLANG_WARN_ENUM_CONVERSION = YES;
				CLANG_WARN_INFINITE_RECURSION = YES;
				CLANG_WARN_INT_CONVERSION = YES;
				CLANG_WARN_NON_LITERAL_NULL_CONVERSION = YES;
				CLANG_WARN_OBJC_IMPLICIT_RETAIN_SELF = YES;
				CLANG_WARN_OBJC_LITERAL_CONVERSION = YES;
				CLANG_WARN_OBJC_ROOT_CLASS = YES_ERROR;
				CLANG_WARN_RANGE_LOOP_ANALYSIS = YES;
				CLANG_WARN_STRICT_PROTOTYPES = YES;
				CLANG_WARN_SUSPICIOUS_MOVE = YES;
				CLANG_WARN_UNGUARDED_AVAILABILITY = YES_AGGRESSIVE;
				CLANG_WARN_UNREACHABLE_CODE = YES;
				CLANG_WARN__DUPLICATE_METHOD_MATCH = YES;
				CODE_SIGN_IDENTITY = "iPhone Developer";
				COPY_PHASE_STRIP = NO;
				DEBUG_INFORMATION_FORMAT = dwarf;
				ENABLE_STRICT_OBJC_MSGSEND = YES;
				ENABLE_TESTABILITY = YES;
				GCC_C_LANGUAGE_STANDARD = gnu11;
				GCC_DYNAMIC_NO_PIC = NO;
				GCC_NO_COMMON_BLOCKS = YES;
				GCC_OPTIMIZATION_LEVEL = 0;
				GCC_PREPROCESSOR_DEFINITIONS = (
					"DEBUG=1",
					"$(inherited)",
				);
				GCC_WARN_64_TO_32_BIT_CONVERSION = YES;
				GCC_WARN_ABOUT_RETURN_TYPE = YES_ERROR;
				GCC_WARN_UNDECLARED_SELECTOR = YES;
				GCC_WARN_UNINITIALIZED_AUTOS = YES_AGGRESSIVE;
				GCC_WARN_UNUSED_FUNCTION = YES;
				GCC_WARN_UNUSED_VARIABLE = YES;
				IPHONEOS_DEPLOYMENT_TARGET = 11.4;
				MTL_ENABLE_DEBUG_INFO = YES;
				ONLY_ACTIVE_ARCH = YES;
				SDKROOT = iphoneos;
			};
			name = Debug;
		};
		0163642521800BC0004B76E0 /* Release */ = {
			isa = XCBuildConfiguration;
			buildSettings = {
				ALWAYS_SEARCH_USER_PATHS = NO;
				CLANG_ANALYZER_NONNULL = YES;
				CLANG_ANALYZER_NUMBER_OBJECT_CONVERSION = YES_AGGRESSIVE;
				CLANG_CXX_LANGUAGE_STANDARD = "gnu++14";
				CLANG_CXX_LIBRARY = "libc++";
				CLANG_ENABLE_MODULES = YES;
				CLANG_ENABLE_OBJC_ARC = YES;
				CLANG_ENABLE_OBJC_WEAK = YES;
				CLANG_WARN_BLOCK_CAPTURE_AUTORELEASING = YES;
				CLANG_WARN_BOOL_CONVERSION = YES;
				CLANG_WARN_COMMA = YES;
				CLANG_WARN_CONSTANT_CONVERSION = YES;
				CLANG_WARN_DEPRECATED_OBJC_IMPLEMENTATIONS = YES;
				CLANG_WARN_DIRECT_OBJC_ISA_USAGE = YES_ERROR;
				CLANG_WARN_DOCUMENTATION_COMMENTS = YES;
				CLANG_WARN_EMPTY_BODY = YES;
				CLANG_WARN_ENUM_CONVERSION = YES;
				CLANG_WARN_INFINITE_RECURSION = YES;
				CLANG_WARN_INT_CONVERSION = YES;
				CLANG_WARN_NON_LITERAL_NULL_CONVERSION = YES;
				CLANG_WARN_OBJC_IMPLICIT_RETAIN_SELF = YES;
				CLANG_WARN_OBJC_LITERAL_CONVERSION = YES;
				CLANG_WARN_OBJC_ROOT_CLASS = YES_ERROR;
				CLANG_WARN_RANGE_LOOP_ANALYSIS = YES;
				CLANG_WARN_STRICT_PROTOTYPES = YES;
				CLANG_WARN_SUSPICIOUS_MOVE = YES;
				CLANG_WARN_UNGUARDED_AVAILABILITY = YES_AGGRESSIVE;
				CLANG_WARN_UNREACHABLE_CODE = YES;
				CLANG_WARN__DUPLICATE_METHOD_MATCH = YES;
				CODE_SIGN_IDENTITY = "iPhone Developer";
				COPY_PHASE_STRIP = NO;
				DEBUG_INFORMATION_FORMAT = "dwarf-with-dsym";
				ENABLE_NS_ASSERTIONS = NO;
				ENABLE_STRICT_OBJC_MSGSEND = YES;
				GCC_C_LANGUAGE_STANDARD = gnu11;
				GCC_NO_COMMON_BLOCKS = YES;
				GCC_WARN_64_TO_32_BIT_CONVERSION = YES;
				GCC_WARN_ABOUT_RETURN_TYPE = YES_ERROR;
				GCC_WARN_UNDECLARED_SELECTOR = YES;
				GCC_WARN_UNINITIALIZED_AUTOS = YES_AGGRESSIVE;
				GCC_WARN_UNUSED_FUNCTION = YES;
				GCC_WARN_UNUSED_VARIABLE = YES;
				IPHONEOS_DEPLOYMENT_TARGET = 11.4;
				MTL_ENABLE_DEBUG_INFO = NO;
				SDKROOT = iphoneos;
				VALIDATE_PRODUCT = YES;
			};
			name = Release;
		};
		0163642721800BC0004B76E0 /* Debug */ = {
			isa = XCBuildConfiguration;
			baseConfigurationReference = B37DE9D0018B36AE6E4DB6DD /* Pods-UMPodDemo.debug.xcconfig */;
			buildSettings = {
				ASSETCATALOG_COMPILER_APPICON_NAME = AppIcon;
				CODE_SIGN_STYLE = Automatic;
				DEVELOPMENT_TEAM = RAPJN9GUP9;
				INFOPLIST_FILE = UMPodDemo/Info.plist;
				LD_RUNPATH_SEARCH_PATHS = (
					"$(inherited)",
					"@executable_path/Frameworks",
				);
				PRODUCT_BUNDLE_IDENTIFIER = mkrq.UMPodDemo;
				PRODUCT_NAME = "$(TARGET_NAME)";
				TARGETED_DEVICE_FAMILY = "1,2";
			};
			name = Debug;
		};
		0163642821800BC0004B76E0 /* Release */ = {
			isa = XCBuildConfiguration;
			baseConfigurationReference = 2607E23F514402968AF32BF6 /* Pods-UMPodDemo.release.xcconfig */;
			buildSettings = {
				ASSETCATALOG_COMPILER_APPICON_NAME = AppIcon;
				CODE_SIGN_STYLE = Automatic;
				DEVELOPMENT_TEAM = RAPJN9GUP9;
				INFOPLIST_FILE = UMPodDemo/Info.plist;
				LD_RUNPATH_SEARCH_PATHS = (
					"$(inherited)",
					"@executable_path/Frameworks",
				);
				PRODUCT_BUNDLE_IDENTIFIER = mkrq.UMPodDemo;
				PRODUCT_NAME = "$(TARGET_NAME)";
				TARGETED_DEVICE_FAMILY = "1,2";
			};
			name = Release;
		};
		0163642A21800BC0004B76E0 /* Debug */ = {
			isa = XCBuildConfiguration;
			buildSettings = {
				BUNDLE_LOADER = "$(TEST_HOST)";
				CODE_SIGN_STYLE = Automatic;
				DEVELOPMENT_TEAM = RAPJN9GUP9;
				INFOPLIST_FILE = UMPodDemoTests/Info.plist;
				LD_RUNPATH_SEARCH_PATHS = (
					"$(inherited)",
					"@executable_path/Frameworks",
					"@loader_path/Frameworks",
				);
				PRODUCT_BUNDLE_IDENTIFIER = mkrq.UMPodDemoTests;
				PRODUCT_NAME = "$(TARGET_NAME)";
				TARGETED_DEVICE_FAMILY = "1,2";
				TEST_HOST = "$(BUILT_PRODUCTS_DIR)/UMPodDemo.app/UMPodDemo";
			};
			name = Debug;
		};
		0163642B21800BC0004B76E0 /* Release */ = {
			isa = XCBuildConfiguration;
			buildSettings = {
				BUNDLE_LOADER = "$(TEST_HOST)";
				CODE_SIGN_STYLE = Automatic;
				DEVELOPMENT_TEAM = RAPJN9GUP9;
				INFOPLIST_FILE = UMPodDemoTests/Info.plist;
				LD_RUNPATH_SEARCH_PATHS = (
					"$(inherited)",
					"@executable_path/Frameworks",
					"@loader_path/Frameworks",
				);
				PRODUCT_BUNDLE_IDENTIFIER = mkrq.UMPodDemoTests;
				PRODUCT_NAME = "$(TARGET_NAME)";
				TARGETED_DEVICE_FAMILY = "1,2";
				TEST_HOST = "$(BUILT_PRODUCTS_DIR)/UMPodDemo.app/UMPodDemo";
			};
			name = Release;
		};
		0163642D21800BC0004B76E0 /* Debug */ = {
			isa = XCBuildConfiguration;
			buildSettings = {
				CODE_SIGN_STYLE = Automatic;
				DEVELOPMENT_TEAM = RAPJN9GUP9;
				INFOPLIST_FILE = UMPodDemoUITests/Info.plist;
				LD_RUNPATH_SEARCH_PATHS = (
					"$(inherited)",
					"@executable_path/Frameworks",
					"@loader_path/Frameworks",
				);
				PRODUCT_BUNDLE_IDENTIFIER = mkrq.UMPodDemoUITests;
				PRODUCT_NAME = "$(TARGET_NAME)";
				TARGETED_DEVICE_FAMILY = "1,2";
				TEST_TARGET_NAME = UMPodDemo;
			};
			name = Debug;
		};
		0163642E21800BC0004B76E0 /* Release */ = {
			isa = XCBuildConfiguration;
			buildSettings = {
				CODE_SIGN_STYLE = Automatic;
				DEVELOPMENT_TEAM = RAPJN9GUP9;
				INFOPLIST_FILE = UMPodDemoUITests/Info.plist;
				LD_RUNPATH_SEARCH_PATHS = (
					"$(inherited)",
					"@executable_path/Frameworks",
					"@loader_path/Frameworks",
				);
				PRODUCT_BUNDLE_IDENTIFIER = mkrq.UMPodDemoUITests;
				PRODUCT_NAME = "$(TARGET_NAME)";
				TARGETED_DEVICE_FAMILY = "1,2";
				TEST_TARGET_NAME = UMPodDemo;
			};
			name = Release;
		};
/* End XCBuildConfiguration section */

/* Begin XCConfigurationList section */
		016363F521800BBE004B76E0 /* Build configuration list for PBXProject "UMPodDemo" */ = {
			isa = XCConfigurationList;
			buildConfigurations = (
				0163642421800BC0004B76E0 /* Debug */,
				0163642521800BC0004B76E0 /* Release */,
			);
			defaultConfigurationIsVisible = 0;
			defaultConfigurationName = Release;
		};
		0163642621800BC0004B76E0 /* Build configuration list for PBXNativeTarget "UMPodDemo" */ = {
			isa = XCConfigurationList;
			buildConfigurations = (
				0163642721800BC0004B76E0 /* Debug */,
				0163642821800BC0004B76E0 /* Release */,
			);
			defaultConfigurationIsVisible = 0;
			defaultConfigurationName = Release;
		};
		0163642921800BC0004B76E0 /* Build configuration list for PBXNativeTarget "UMPodDemoTests" */ = {
			isa = XCConfigurationList;
			buildConfigurations = (
				0163642A21800BC0004B76E0 /* Debug */,
				0163642B21800BC0004B76E0 /* Release */,
			);
			defaultConfigurationIsVisible = 0;
			defaultConfigurationName = Release;
		};
		0163642C21800BC0004B76E0 /* Build configuration list for PBXNativeTarget "UMPodDemoUITests" */ = {
			isa = XCConfigurationList;
			buildConfigurations = (
				0163642D21800BC0004B76E0 /* Debug */,
				0163642E21800BC0004B76E0 /* Release */,
			);
			defaultConfigurationIsVisible = 0;
			defaultConfigurationName = Release;
		};
/* End XCConfigurationList section */
	};
	rootObject = 016363F221800BBE004B76E0 /* Project object */;
}
